github.com/360EntSecGroup-Skylar/excelize/v2 v2.0.0 h1:2lpOhz+vjzm+RsDid1AK2S5Gief3aX2fLPJ6SzY8F9U=
github.com/360EntSecGroup-Skylar/excelize/v2 v2.0.0/go.mod h1:fkN+AZg31J/y9B4AtylxjzzNYetIxi6cElYu/WBUb7g=
github.com/davecgh/go-spew v1.1.0/go.mod h1:J7Y8YcW2NihsgmVo/mv3lAwl/skON4iLHjSsI+c5H38=
github.com/mohae/deepcopy v0.0.0-20170929034955-c48cc78d4826 h1:RWengNIwukTxcDr9M+97sNutRR1RKhG96O6jWumTTnw=
github.com/mohae/deepcopy v0.0.0-20170929034955-c48cc78d4826/go.mod h1:TaXosZuwdSHYgviHp1DAtfrULt5eUgsSMsZf+YrPgl8=
github.com/plandem/ooxml v0.0.0-20190519035205-3b7d5d368c81 h1:qLc+dio4F26W7HpdTPAsmlb2Gk/sI1+jQRyvK4JK/ic=
github.com/plandem/ooxml v0.0.0-20190519035205-3b7d5d368c81/go.mod h1:UORzeGVBlqFHnsyH3rGFHjkz3hnCcDN9GVB2k5K/1Zw=
github.com/plandem/xlsx v0.0.0-20190516022822-a338ea397696 h1:oiaNhtd30hNJyvJ9RYkvpAvmQSIvKm7bKFqL6VsBA70=
github.com/plandem/xlsx v0.0.0-20190516022822-a338ea397696/go.mod h1:y4db7INydQ46EpxfaRl/8JCbxboU3vj/4W5fFO0dq90=
github.com/pmezard/go-difflib v1.0.0/go.mod h1:iKH77koFhYxTK1pcRnkKkqfTogsbg7gZNVY4sRDYZ/4=
github.com/stretchr/objx v0.1.0/go.mod h1:HFkY916IF+rwdDfMAkV7OtwuqBVzrE8GR6GFx+wExME=
github.com/stretchr/testify v1.3.0/go.mod h1:M5WIy9Dh21IEIfnGCwXGc5bZfKNJtfHm1UVUgZn+9EI=
github.com/tealeg/xlsx v1.0.3 h1:BXsDIQYBPq2HgbwUxrsVXIrnO0BDxmsdUfHSfvwfBuQ=
github.com/tealeg/xlsx v1.0.3/go.mod h1:uxu5UY2ovkuRPWKQ8Q7JG0JbSivrISjdPzZQKeo74mA=
